// !$*UTF8*$!
{
	archiveVersion = 1;
	classes = {
	};
	objectVersion = 56;
	objects = {

/* Begin PBXBuildFile section */
		960DEED22C649652009C994A /* AppetizersApp.swift in Sources */ = {isa = PBXBuildFile; fileRef = 960DEED12C649652009C994A /* AppetizersApp.swift */; };
		960DEED42C649652009C994A /* AppetizerTabView.swift in Sources */ = {isa = PBXBuildFile; fileRef = 960DEED32C649652009C994A /* AppetizerTabView.swift */; };
		960DEED62C649653009C994A /* Assets.xcassets in Resources */ = {isa = PBXBuildFile; fileRef = 960DEED52C649653009C994A /* Assets.xcassets */; };
		960DEED92C649653009C994A /* Preview Assets.xcassets in Resources */ = {isa = PBXBuildFile; fileRef = 960DEED82C649653009C994A /* Preview Assets.xcassets */; };
		960DEEE02C64A95E009C994A /* AppetizerListView.swift in Sources */ = {isa = PBXBuildFile; fileRef = 960DEEDF2C64A95E009C994A /* AppetizerListView.swift */; };
		960DEEE22C64A96D009C994A /* AccountView.swift in Sources */ = {isa = PBXBuildFile; fileRef = 960DEEE12C64A96D009C994A /* AccountView.swift */; };
		960DEEE42C64A97A009C994A /* OrderView.swift in Sources */ = {isa = PBXBuildFile; fileRef = 960DEEE32C64A97A009C994A /* OrderView.swift */; };
		960DEEE62C64E562009C994A /* Appetizer.swift in Sources */ = {isa = PBXBuildFile; fileRef = 960DEEE52C64E562009C994A /* Appetizer.swift */; };
		960DEEE82C64EBBE009C994A /* AppetizerListCell.swift in Sources */ = {isa = PBXBuildFile; fileRef = 960DEEE72C64EBBE009C994A /* AppetizerListCell.swift */; };
		961C51302C67242B0077F25C /* AppetizerDetailView.swift in Sources */ = {isa = PBXBuildFile; fileRef = 961C512F2C67242B0077F25C /* AppetizerDetailView.swift */; };
		961C51332C6A04480077F25C /* APButton.swift in Sources */ = {isa = PBXBuildFile; fileRef = 961C51322C6A04480077F25C /* APButton.swift */; };
		961C51352C6A04F30077F25C /* XDismissButton.swift in Sources */ = {isa = PBXBuildFile; fileRef = 961C51342C6A04F30077F25C /* XDismissButton.swift */; };
		961C51372C6A0C0C0077F25C /* AccountViewModel.swift in Sources */ = {isa = PBXBuildFile; fileRef = 961C51362C6A0C0C0077F25C /* AccountViewModel.swift */; };
		961C513C2C6A0D860077F25C /* String+Ext.swift in Sources */ = {isa = PBXBuildFile; fileRef = 961C513B2C6A0D860077F25C /* String+Ext.swift */; };
		967759962C65B2AA00862775 /* NetworkManager.swift in Sources */ = {isa = PBXBuildFile; fileRef = 967759952C65B2AA00862775 /* NetworkManager.swift */; };
		967759982C65B3C600862775 /* APError.swift in Sources */ = {isa = PBXBuildFile; fileRef = 967759972C65B3C600862775 /* APError.swift */; };
		9677599A2C65D13400862775 /* AppetizerListViewModel.swift in Sources */ = {isa = PBXBuildFile; fileRef = 967759992C65D13400862775 /* AppetizerListViewModel.swift */; };
		9677599C2C65D2A400862775 /* Alert.swift in Sources */ = {isa = PBXBuildFile; fileRef = 9677599B2C65D2A400862775 /* Alert.swift */; };
		9677599E2C65E5AF00862775 /* LoadingView.swift in Sources */ = {isa = PBXBuildFile; fileRef = 9677599D2C65E5AF00862775 /* LoadingView.swift */; };
		967759A22C65EB0900862775 /* RemoteImage.swift in Sources */ = {isa = PBXBuildFile; fileRef = 967759A12C65EB0900862775 /* RemoteImage.swift */; };
/* End PBXBuildFile section */

/* Begin PBXFileReference section */
		960DEECE2C649652009C994A /* Appetizers.app */ = {isa = PBXFileReference; explicitFileType = wrapper.application; includeInIndex = 0; path = Appetizers.app; sourceTree = BUILT_PRODUCTS_DIR; };
		960DEED12C649652009C994A /* AppetizersApp.swift */ = {isa = PBXFileReference; lastKnownFileType = sourcecode.swift; path = AppetizersApp.swift; sourceTree = "<group>"; };
		960DEED32C649652009C994A /* AppetizerTabView.swift */ = {isa = PBXFileReference; lastKnownFileType = sourcecode.swift; path = AppetizerTabView.swift; sourceTree = "<group>"; };
		960DEED52C649653009C994A /* Assets.xcassets */ = {isa = PBXFileReference; lastKnownFileType = folder.assetcatalog; path = Assets.xcassets; sourceTree = "<group>"; };
		960DEED82C649653009C994A /* Preview Assets.xcassets */ = {isa = PBXFileReference; lastKnownFileType = folder.assetcatalog; path = "Preview Assets.xcassets"; sourceTree = "<group>"; };
		960DEEDF2C64A95E009C994A /* AppetizerListView.swift */ = {isa = PBXFileReference; lastKnownFileType = sourcecode.swift; path = AppetizerListView.swift; sourceTree = "<group>"; };
		960DEEE12C64A96D009C994A /* AccountView.swift */ = {isa = PBXFileReference; lastKnownFileType = sourcecode.swift; path = AccountView.swift; sourceTree = "<group>"; };
		960DEEE32C64A97A009C994A /* OrderView.swift */ = {isa = PBXFileReference; lastKnownFileType = sourcecode.swift; path = OrderView.swift; sourceTree = "<group>"; };
		960DEEE52C64E562009C994A /* Appetizer.swift */ = {isa = PBXFileReference; lastKnownFileType = sourcecode.swift; path = Appetizer.swift; sourceTree = "<group>"; };
		960DEEE72C64EBBE009C994A /* AppetizerListCell.swift */ = {isa = PBXFileReference; lastKnownFileType = sourcecode.swift; path = AppetizerListCell.swift; sourceTree = "<group>"; };
		961C512F2C67242B0077F25C /* AppetizerDetailView.swift */ = {isa = PBXFileReference; lastKnownFileType = sourcecode.swift; path = AppetizerDetailView.swift; sourceTree = "<group>"; };
		961C51322C6A04480077F25C /* APButton.swift */ = {isa = PBXFileReference; lastKnownFileType = sourcecode.swift; path = APButton.swift; sourceTree = "<group>"; };
		961C51342C6A04F30077F25C /* XDismissButton.swift */ = {isa = PBXFileReference; lastKnownFileType = sourcecode.swift; path = XDismissButton.swift; sourceTree = "<group>"; };
		961C51362C6A0C0C0077F25C /* AccountViewModel.swift */ = {isa = PBXFileReference; lastKnownFileType = sourcecode.swift; path = AccountViewModel.swift; sourceTree = "<group>"; };
		961C513B2C6A0D860077F25C /* String+Ext.swift */ = {isa = PBXFileReference; lastKnownFileType = sourcecode.swift; path = "String+Ext.swift"; sourceTree = "<group>"; };
		967759952C65B2AA00862775 /* NetworkManager.swift */ = {isa = PBXFileReference; lastKnownFileType = sourcecode.swift; path = NetworkManager.swift; sourceTree = "<group>"; };
		967759972C65B3C600862775 /* APError.swift */ = {isa = PBXFileReference; lastKnownFileType = sourcecode.swift; path = APError.swift; sourceTree = "<group>"; };
		967759992C65D13400862775 /* AppetizerListViewModel.swift */ = {isa = PBXFileReference; lastKnownFileType = sourcecode.swift; path = AppetizerListViewModel.swift; sourceTree = "<group>"; };
		9677599B2C65D2A400862775 /* Alert.swift */ = {isa = PBXFileReference; lastKnownFileType = sourcecode.swift; path = Alert.swift; sourceTree = "<group>"; };
		9677599D2C65E5AF00862775 /* LoadingView.swift */ = {isa = PBXFileReference; lastKnownFileType = sourcecode.swift; path = LoadingView.swift; sourceTree = "<group>"; };
		967759A12C65EB0900862775 /* RemoteImage.swift */ = {isa = PBXFileReference; lastKnownFileType = sourcecode.swift; path = RemoteImage.swift; sourceTree = "<group>"; };
/* End PBXFileReference section */

/* Begin PBXFrameworksBuildPhase section */
		960DEECB2C649652009C994A /* Frameworks */ = {
			isa = PBXFrameworksBuildPhase;
			buildActionMask = 2147483647;
			files = (
			);
			runOnlyForDeploymentPostprocessing = 0;
		};
/* End PBXFrameworksBuildPhase section */

/* Begin PBXGroup section */
		960DEEC52C649652009C994A = {
			isa = PBXGroup;
			children = (
				960DEED02C649652009C994A /* Appetizers */,
				960DEECF2C649652009C994A /* Products */,
			);
			sourceTree = "<group>";
		};
		960DEECF2C649652009C994A /* Products */ = {
			isa = PBXGroup;
			children = (
				960DEECE2C649652009C994A /* Appetizers.app */,
			);
			name = Products;
			sourceTree = "<group>";
		};
		960DEED02C649652009C994A /* Appetizers */ = {
			isa = PBXGroup;
			children = (
				967759AB2C65EF5000862775 /* Model */,
				967759A72C65EEFA00862775 /* Utilities */,
				967759AD2C65EF7800862775 /* Views */,
				967759A32C65EE9F00862775 /* Screens */,
				960DEED12C649652009C994A /* AppetizersApp.swift */,
				960DEED52C649653009C994A /* Assets.xcassets */,
				960DEED72C649653009C994A /* Preview Content */,
			);
			path = Appetizers;
			sourceTree = "<group>";
		};
		960DEED72C649653009C994A /* Preview Content */ = {
			isa = PBXGroup;
			children = (
				960DEED82C649653009C994A /* Preview Assets.xcassets */,
			);
			path = "Preview Content";
			sourceTree = "<group>";
		};
		961C51312C6A043A0077F25C /* Buttons */ = {
			isa = PBXGroup;
			children = (
				961C51322C6A04480077F25C /* APButton.swift */,
				961C51342C6A04F30077F25C /* XDismissButton.swift */,
			);
			path = Buttons;
			sourceTree = "<group>";
		};
		961C51382C6A0D6E0077F25C /* Extensions */ = {
			isa = PBXGroup;
			children = (
				961C513B2C6A0D860077F25C /* String+Ext.swift */,
			);
			path = Extensions;
			sourceTree = "<group>";
		};
		967759A32C65EE9F00862775 /* Screens */ = {
			isa = PBXGroup;
			children = (
				960DEED32C649652009C994A /* AppetizerTabView.swift */,
				967759A42C65EEA400862775 /* AppetizerListView */,
				967759A52C65EEBB00862775 /* AccountView */,
				967759A62C65EEC200862775 /* OrderView */,
			);
			path = Screens;
			sourceTree = "<group>";
		};
		967759A42C65EEA400862775 /* AppetizerListView */ = {
			isa = PBXGroup;
			children = (
				967759992C65D13400862775 /* AppetizerListViewModel.swift */,
				960DEEDF2C64A95E009C994A /* AppetizerListView.swift */,
				961C512F2C67242B0077F25C /* AppetizerDetailView.swift */,
			);
			path = AppetizerListView;
			sourceTree = "<group>";
		};
		967759A52C65EEBB00862775 /* AccountView */ = {
			isa = PBXGroup;
			children = (
				961C51362C6A0C0C0077F25C /* AccountViewModel.swift */,
				960DEEE12C64A96D009C994A /* AccountView.swift */,
			);
			path = AccountView;
			sourceTree = "<group>";
		};
		967759A62C65EEC200862775 /* OrderView */ = {
			isa = PBXGroup;
			children = (
				960DEEE32C64A97A009C994A /* OrderView.swift */,
			);
			path = OrderView;
			sourceTree = "<group>";
		};
		967759A72C65EEFA00862775 /* Utilities */ = {
			isa = PBXGroup;
			children = (
				961C51382C6A0D6E0077F25C /* Extensions */,
				967759AA2C65EF2400862775 /* Alerts */,
				967759A82C65EF0500862775 /* Managers */,
			);
			path = Utilities;
			sourceTree = "<group>";
		};
		967759A82C65EF0500862775 /* Managers */ = {
			isa = PBXGroup;
			children = (
				967759952C65B2AA00862775 /* NetworkManager.swift */,
			);
			path = Managers;
			sourceTree = "<group>";
		};
		967759AA2C65EF2400862775 /* Alerts */ = {
			isa = PBXGroup;
			children = (
				967759972C65B3C600862775 /* APError.swift */,
				9677599B2C65D2A400862775 /* Alert.swift */,
			);
			path = Alerts;
			sourceTree = "<group>";
		};
		967759AB2C65EF5000862775 /* Model */ = {
			isa = PBXGroup;
			children = (
				960DEEE52C64E562009C994A /* Appetizer.swift */,
			);
			path = Model;
			sourceTree = "<group>";
		};
		967759AC2C65EF6100862775 /* UIKit Components */ = {
			isa = PBXGroup;
			children = (
				9677599D2C65E5AF00862775 /* LoadingView.swift */,
			);
			path = "UIKit Components";
			sourceTree = "<group>";
		};
		967759AD2C65EF7800862775 /* Views */ = {
			isa = PBXGroup;
			children = (
				961C51312C6A043A0077F25C /* Buttons */,
				967759B02C65EF9800862775 /* Image */,
				967759AF2C65EF8F00862775 /* Cells */,
				967759AC2C65EF6100862775 /* UIKit Components */,
			);
			path = Views;
			sourceTree = "<group>";
		};
		967759AF2C65EF8F00862775 /* Cells */ = {
			isa = PBXGroup;
			children = (
				960DEEE72C64EBBE009C994A /* AppetizerListCell.swift */,
			);
			path = Cells;
			sourceTree = "<group>";
		};
		967759B02C65EF9800862775 /* Image */ = {
			isa = PBXGroup;
			children = (
				967759A12C65EB0900862775 /* RemoteImage.swift */,
			);
			path = Image;
			sourceTree = "<group>";
		};
/* End PBXGroup section */

/* Begin PBXNativeTarget section */
		960DEECD2C649652009C994A /* Appetizers */ = {
			isa = PBXNativeTarget;
			buildConfigurationList = 960DEEDC2C649653009C994A /* Build configuration list for PBXNativeTarget "Appetizers" */;
			buildPhases = (
				960DEECA2C649652009C994A /* Sources */,
				960DEECB2C649652009C994A /* Frameworks */,
				960DEECC2C649652009C994A /* Resources */,
			);
			buildRules = (
			);
			dependencies = (
			);
			name = Appetizers;
			productName = Appetizers;
			productReference = 960DEECE2C649652009C994A /* Appetizers.app */;
			productType = "com.apple.product-type.application";
		};
/* End PBXNativeTarget section */

/* Begin PBXProject section */
		960DEEC62C649652009C994A /* Project object */ = {
			isa = PBXProject;
			attributes = {
				BuildIndependentTargetsInParallel = 1;
				LastSwiftUpdateCheck = 1540;
				LastUpgradeCheck = 1540;
				TargetAttributes = {
					960DEECD2C649652009C994A = {
						CreatedOnToolsVersion = 15.4;
					};
				};
			};
			buildConfigurationList = 960DEEC92C649652009C994A /* Build configuration list for PBXProject "Appetizers" */;
			compatibilityVersion = "Xcode 14.0";
			developmentRegion = en;
			hasScannedForEncodings = 0;
			knownRegions = (
				en,
				Base,
			);
			mainGroup = 960DEEC52C649652009C994A;
			productRefGroup = 960DEECF2C649652009C994A /* Products */;
			projectDirPath = "";
			projectRoot = "";
			targets = (
				960DEECD2C649652009C994A /* Appetizers */,
			);
		};
/* End PBXProject section */

/* Begin PBXResourcesBuildPhase section */
		960DEECC2C649652009C994A /* Resources */ = {
			isa = PBXResourcesBuildPhase;
			buildActionMask = 2147483647;
			files = (
				960DEED92C649653009C994A /* Preview Assets.xcassets in Resources */,
				960DEED62C649653009C994A /* Assets.xcassets in Resources */,
			);
			runOnlyForDeploymentPostprocessing = 0;
		};
/* End PBXResourcesBuildPhase section */

/* Begin PBXSourcesBuildPhase section */
		960DEECA2C649652009C994A /* Sources */ = {
			isa = PBXSourcesBuildPhase;
			buildActionMask = 2147483647;
			files = (
				961C513C2C6A0D860077F25C /* String+Ext.swift in Sources */,
				960DEEE62C64E562009C994A /* Appetizer.swift in Sources */,
				967759982C65B3C600862775 /* APError.swift in Sources */,
				960DEEE82C64EBBE009C994A /* AppetizerListCell.swift in Sources */,
				961C51332C6A04480077F25C /* APButton.swift in Sources */,
				9677599A2C65D13400862775 /* AppetizerListViewModel.swift in Sources */,
				960DEEE22C64A96D009C994A /* AccountView.swift in Sources */,
				9677599E2C65E5AF00862775 /* LoadingView.swift in Sources */,
				967759A22C65EB0900862775 /* RemoteImage.swift in Sources */,
				960DEED42C649652009C994A /* AppetizerTabView.swift in Sources */,
				961C51302C67242B0077F25C /* AppetizerDetailView.swift in Sources */,
				967759962C65B2AA00862775 /* NetworkManager.swift in Sources */,
				960DEED22C649652009C994A /* AppetizersApp.swift in Sources */,
				9677599C2C65D2A400862775 /* Alert.swift in Sources */,
				960DEEE02C64A95E009C994A /* AppetizerListView.swift in Sources */,
				960DEEE42C64A97A009C994A /* OrderView.swift in Sources */,
				961C51372C6A0C0C0077F25C /* AccountViewModel.swift in Sources */,
				961C51352C6A04F30077F25C /* XDismissButton.swift in Sources */,
			);
			runOnlyForDeploymentPostprocessing = 0;
		};
/* End PBXSourcesBuildPhase section */

/* Begin XCBuildConfiguration section */
		960DEEDA2C649653009C994A /* Debug */ = {
			isa = XCBuildConfiguration;
			buildSettings = {
				ALWAYS_SEARCH_USER_PATHS = NO;
				ASSETCATALOG_COMPILER_GENERATE_SWIFT_ASSET_SYMBOL_EXTENSIONS = YES;
				CLANG_ANALYZER_NONNULL = YES;
				CLANG_ANALYZER_NUMBER_OBJECT_CONVERSION = YES_AGGRESSIVE;
				CLANG_CXX_LANGUAGE_STANDARD = "gnu++20";
				CLANG_ENABLE_MODULES = YES;
				CLANG_ENABLE_OBJC_ARC = YES;
				CLANG_ENABLE_OBJC_WEAK = YES;
				CLANG_WARN_BLOCK_CAPTURE_AUTORELEASING = YES;
				CLANG_WARN_BOOL_CONVERSION = YES;
				CLANG_WARN_COMMA = YES;
				CLANG_WARN_CONSTANT_CONVERSION = YES;
				CLANG_WARN_DEPRECATED_OBJC_IMPLEMENTATIONS = YES;
				CLANG_WARN_DIRECT_OBJC_ISA_USAGE = YES_ERROR;
				CLANG_WARN_DOCUMENTATION_COMMENTS = YES;
				CLANG_WARN_EMPTY_BODY = YES;
				CLANG_WARN_ENUM_CONVERSION = YES;
				CLANG_WARN_INFINITE_RECURSION = YES;
				CLANG_WARN_INT_CONVERSION = YES;
				CLANG_WARN_NON_LITERAL_NULL_CONVERSION = YES;
				CLANG_WARN_OBJC_IMPLICIT_RETAIN_SELF = YES;
				CLANG_WARN_OBJC_LITERAL_CONVERSION = YES;
				CLANG_WARN_OBJC_ROOT_CLASS = YES_ERROR;
				CLANG_WARN_QUOTED_INCLUDE_IN_FRAMEWORK_HEADER = YES;
				CLANG_WARN_RANGE_LOOP_ANALYSIS = YES;
				CLANG_WARN_STRICT_PROTOTYPES = YES;
				CLANG_WARN_SUSPICIOUS_MOVE = YES;
				CLANG_WARN_UNGUARDED_AVAILABILITY = YES_AGGRESSIVE;
				CLANG_WARN_UNREACHABLE_CODE = YES;
				CLANG_WARN__DUPLICATE_METHOD_MATCH = YES;
				COPY_PHASE_STRIP = NO;
				DEBUG_INFORMATION_FORMAT = dwarf;
				ENABLE_STRICT_OBJC_MSGSEND = YES;
				ENABLE_TESTABILITY = YES;
				ENABLE_USER_SCRIPT_SANDBOXING = YES;
				GCC_C_LANGUAGE_STANDARD = gnu17;
				GCC_DYNAMIC_NO_PIC = NO;
				GCC_NO_COMMON_BLOCKS = YES;
				GCC_OPTIMIZATION_LEVEL = 0;
				GCC_PREPROCESSOR_DEFINITIONS = (
					"DEBUG=1",
					"$(inherited)",
				);
				GCC_WARN_64_TO_32_BIT_CONVERSION = YES;
				GCC_WARN_ABOUT_RETURN_TYPE = YES_ERROR;
				GCC_WARN_UNDECLARED_SELECTOR = YES;
				GCC_WARN_UNINITIALIZED_AUTOS = YES_AGGRESSIVE;
				GCC_WARN_UNUSED_FUNCTION = YES;
				GCC_WARN_UNUSED_VARIABLE = YES;
				IPHONEOS_DEPLOYMENT_TARGET = 17.5;
				LOCALIZATION_PREFERS_STRING_CATALOGS = YES;
				MTL_ENABLE_DEBUG_INFO = INCLUDE_SOURCE;
				MTL_FAST_MATH = YES;
				ONLY_ACTIVE_ARCH = YES;
				SDKROOT = iphoneos;
				SWIFT_ACTIVE_COMPILATION_CONDITIONS = "DEBUG $(inherited)";
				SWIFT_OPTIMIZATION_LEVEL = "-Onone";
			};
			name = Debug;
		};
		960DEEDB2C649653009C994A /* Release */ = {
			isa = XCBuildConfiguration;
			buildSettings = {
				ALWAYS_SEARCH_USER_PATHS = NO;
				ASSETCATALOG_COMPILER_GENERATE_SWIFT_ASSET_SYMBOL_EXTENSIONS = YES;
				CLANG_ANALYZER_NONNULL = YES;
				CLANG_ANALYZER_NUMBER_OBJECT_CONVERSION = YES_AGGRESSIVE;
				CLANG_CXX_LANGUAGE_STANDARD = "gnu++20";
				CLANG_ENABLE_MODULES = YES;
				CLANG_ENABLE_OBJC_ARC = YES;
				CLANG_ENABLE_OBJC_WEAK = YES;
				CLANG_WARN_BLOCK_CAPTURE_AUTORELEASING = YES;
				CLANG_WARN_BOOL_CONVERSION = YES;
				CLANG_WARN_COMMA = YES;
				CLANG_WARN_CONSTANT_CONVERSION = YES;
				CLANG_WARN_DEPRECATED_OBJC_IMPLEMENTATIONS = YES;
				CLANG_WARN_DIRECT_OBJC_ISA_USAGE = YES_ERROR;
				CLANG_WARN_DOCUMENTATION_COMMENTS = YES;
				CLANG_WARN_EMPTY_BODY = YES;
				CLANG_WARN_ENUM_CONVERSION = YES;
				CLANG_WARN_INFINITE_RECURSION = YES;
				CLANG_WARN_INT_CONVERSION = YES;
				CLANG_WARN_NON_LITERAL_NULL_CONVERSION = YES;
				CLANG_WARN_OBJC_IMPLICIT_RETAIN_SELF = YES;
				CLANG_WARN_OBJC_LITERAL_CONVERSION = YES;
				CLANG_WARN_OBJC_ROOT_CLASS = YES_ERROR;
				CLANG_WARN_QUOTED_INCLUDE_IN_FRAMEWORK_HEADER = YES;
				CLANG_WARN_RANGE_LOOP_ANALYSIS = YES;
				CLANG_WARN_STRICT_PROTOTYPES = YES;
				CLANG_WARN_SUSPICIOUS_MOVE = YES;
				CLANG_WARN_UNGUARDED_AVAILABILITY = YES_AGGRESSIVE;
				CLANG_WARN_UNREACHABLE_CODE = YES;
				CLANG_WARN__DUPLICATE_METHOD_MATCH = YES;
				COPY_PHASE_STRIP = NO;
				DEBUG_INFORMATION_FORMAT = "dwarf-with-dsym";
				ENABLE_NS_ASSERTIONS = NO;
				ENABLE_STRICT_OBJC_MSGSEND = YES;
				ENABLE_USER_SCRIPT_SANDBOXING = YES;
				GCC_C_LANGUAGE_STANDARD = gnu17;
				GCC_NO_COMMON_BLOCKS = YES;
				GCC_WARN_64_TO_32_BIT_CONVERSION = YES;
				GCC_WARN_ABOUT_RETURN_TYPE = YES_ERROR;
				GCC_WARN_UNDECLARED_SELECTOR = YES;
				GCC_WARN_UNINITIALIZED_AUTOS = YES_AGGRESSIVE;
				GCC_WARN_UNUSED_FUNCTION = YES;
				GCC_WARN_UNUSED_VARIABLE = YES;
				IPHONEOS_DEPLOYMENT_TARGET = 17.5;
				LOCALIZATION_PREFERS_STRING_CATALOGS = YES;
				MTL_ENABLE_DEBUG_INFO = NO;
				MTL_FAST_MATH = YES;
				SDKROOT = iphoneos;
				SWIFT_COMPILATION_MODE = wholemodule;
				VALIDATE_PRODUCT = YES;
			};
			name = Release;
		};
		960DEEDD2C649653009C994A /* Debug */ = {
			isa = XCBuildConfiguration;
			buildSettings = {
				ASSETCATALOG_COMPILER_APPICON_NAME = AppIcon;
				ASSETCATALOG_COMPILER_GLOBAL_ACCENT_COLOR_NAME = AccentColor;
				CODE_SIGN_STYLE = Automatic;
				CURRENT_PROJECT_VERSION = 1;
				DEVELOPMENT_ASSET_PATHS = "\"Appetizers/Preview Content\"";
				DEVELOPMENT_TEAM = N348GACX8T;
				ENABLE_PREVIEWS = YES;
				GENERATE_INFOPLIST_FILE = YES;
				INFOPLIST_KEY_UIApplicationSceneManifest_Generation = YES;
				INFOPLIST_KEY_UIApplicationSupportsIndirectInputEvents = YES;
				INFOPLIST_KEY_UILaunchScreen_Generation = YES;
				INFOPLIST_KEY_UISupportedInterfaceOrientations_iPad = "UIInterfaceOrientationPortrait UIInterfaceOrientationPortraitUpsideDown UIInterfaceOrientationLandscapeLeft UIInterfaceOrientationLandscapeRight";
				INFOPLIST_KEY_UISupportedInterfaceOrientations_iPhone = "UIInterfaceOrientationPortrait UIInterfaceOrientationLandscapeLeft UIInterfaceOrientationLandscapeRight";
				LD_RUNPATH_SEARCH_PATHS = (
					"$(inherited)",
					"@executable_path/Frameworks",
				);
				MARKETING_VERSION = 1.0;
				PRODUCT_BUNDLE_IDENTIFIER = "Shivam-Rishi.Appetizers";
				PRODUCT_NAME = "$(TARGET_NAME)";
				SWIFT_EMIT_LOC_STRINGS = YES;
				SWIFT_VERSION = 5.0;
				TARGETED_DEVICE_FAMILY = "1,2";
			};
			name = Debug;
		};
		960DEEDE2C649653009C994A /* Release */ = {
			isa = XCBuildConfiguration;
			buildSettings = {
				ASSETCATALOG_COMPILER_APPICON_NAME = AppIcon;
				ASSETCATALOG_COMPILER_GLOBAL_ACCENT_COLOR_NAME = AccentColor;
				CODE_SIGN_STYLE = Automatic;
				CURRENT_PROJECT_VERSION = 1;
				DEVELOPMENT_ASSET_PATHS = "\"Appetizers/Preview Content\"";
				DEVELOPMENT_TEAM = N348GACX8T;
				ENABLE_PREVIEWS = YES;
				GENERATE_INFOPLIST_FILE = YES;
				INFOPLIST_KEY_UIApplicationSceneManifest_Generation = YES;
				INFOPLIST_KEY_UIApplicationSupportsIndirectInputEvents = YES;
				INFOPLIST_KEY_UILaunchScreen_Generation = YES;
				INFOPLIST_KEY_UISupportedInterfaceOrientations_iPad = "UIInterfaceOrientationPortrait UIInterfaceOrientationPortraitUpsideDown UIInterfaceOrientationLandscapeLeft UIInterfaceOrientationLandscapeRight";
				INFOPLIST_KEY_UISupportedInterfaceOrientations_iPhone = "UIInterfaceOrientationPortrait UIInterfaceOrientationLandscapeLeft UIInterfaceOrientationLandscapeRight";
				LD_RUNPATH_SEARCH_PATHS = (
					"$(inherited)",
					"@executable_path/Frameworks",
				);
				MARKETING_VERSION = 1.0;
				PRODUCT_BUNDLE_IDENTIFIER = "Shivam-Rishi.Appetizers";
				PRODUCT_NAME = "$(TARGET_NAME)";
				SWIFT_EMIT_LOC_STRINGS = YES;
				SWIFT_VERSION = 5.0;
				TARGETED_DEVICE_FAMILY = "1,2";
			};
			name = Release;
		};
/* End XCBuildConfiguration section */

/* Begin XCConfigurationList section */
		960DEEC92C649652009C994A /* Build configuration list for PBXProject "Appetizers" */ = {
			isa = XCConfigurationList;
			buildConfigurations = (
				960DEEDA2C649653009C994A /* Debug */,
				960DEEDB2C649653009C994A /* Release */,
			);
			defaultConfigurationIsVisible = 0;
			defaultConfigurationName = Release;
		};
		960DEEDC2C649653009C994A /* Build configuration list for PBXNativeTarget "Appetizers" */ = {
			isa = XCConfigurationList;
			buildConfigurations = (
				960DEEDD2C649653009C994A /* Debug */,
				960DEEDE2C649653009C994A /* Release */,
			);
			defaultConfigurationIsVisible = 0;
			defaultConfigurationName = Release;
		};
/* End XCConfigurationList section */
	};
	rootObject = 960DEEC62C649652009C994A /* Project object */;
}
